
Microsoft Visual Studio Solution File, Format Version 12.00
# Visual Studio Version 16
VisualStudioVersion = 16.0.32002.261
MinimumVisualStudioVersion = 10.0.40219.1
Project("{FAE04EC0-301F-11D3-BF4B-00C04F79EFBC}") = "eTickets", "eTickets\eTickets.csproj", "{6F5DAC70-7136-49EA-B7AD-2545791E3237}"
EndProject
Global
	GlobalSection(SolutionConfigurationPlatforms) = preSolution
		Debug|Any CPU = Debug|Any CPU
		Release|Any CPU = Release|Any CPU
	EndGlobalSection
	GlobalSection(ProjectConfigurationPlatforms) = postSolution
		{6F5DAC70-7136-49EA-B7AD-2545791E3237}.Debug|Any CPU.ActiveCfg = Debug|Any CPU
		{6F5DAC70-7136-49EA-B7AD-2545791E3237}.Debug|Any CPU.Build.0 = Debug|Any CPU
		{6F5DAC70-7136-49EA-B7AD-2545791E3237}.Release|Any CPU.ActiveCfg = Release|Any CPU
		{6F5DAC70-7136-49EA-B7AD-2545791E3237}.Release|Any CPU.Build.0 = Release|Any CPU
	EndGlobalSection
	GlobalSection(SolutionProperties) = preSolution
		HideSolutionNode = FALSE
	EndGlobalSection
	GlobalSection(ExtensibilityGlobals) = postSolution
		SolutionGuid = {D7D22071-170D-450B-9BFB-2A2AB024BDC6}
	EndGlobalSection
EndGlobal
